
Microsoft Visual Studio Solution File, Format Version 12.00
# Visual Studio Version 16
VisualStudioVersion = 16.0.30204.135
MinimumVisualStudioVersion = 10.0.40219.1
Project("{FAE04EC0-301F-11D3-BF4B-00C04F79EFBC}") = "EkmekBot", "EkmekBot\EkmekBot.csproj", "{5BBE4C3E-7EA5-4432-89FC-F9D24CC41D5A}"
EndProject
Project("{2150E333-8FDC-42A3-9474-1A3956D46DE8}") = "Src", "Src", "{87F694FC-C6D7-496F-B1C4-0F42CDCFAF02}"
EndProject
Project("{2150E333-8FDC-42A3-9474-1A3956D46DE8}") = "Core", "Core", "{995E167D-A913-4828-A31A-28A3AA7F43F3}"
EndProject
Project("{2150E333-8FDC-42A3-9474-1A3956D46DE8}") = "Infrastructure", "Infrastructure", "{61C96C7A-F9B1-45AE-A691-7ADEA103AC30}"
EndProject
Project("{2150E333-8FDC-42A3-9474-1A3956D46DE8}") = "Presentation", "Presentation", "{62FDEC31-1B66-4560-8B2A-DCA4E0411CC5}"
EndProject
Project("{FAE04EC0-301F-11D3-BF4B-00C04F79EFBC}") = "Domain", "Domain\Domain.csproj", "{2E99DD4B-5EFF-44D9-9213-900069217831}"
EndProject
Project("{FAE04EC0-301F-11D3-BF4B-00C04F79EFBC}") = "Application", "Application\Application.csproj", "{B75D021F-2981-4632-875E-5F85A8B98F74}"
EndProject
Project("{FAE04EC0-301F-11D3-BF4B-00C04F79EFBC}") = "Persistence", "Persistence\Persistence.csproj", "{411645F5-8EFE-41A9-8987-290A4CCE5349}"
EndProject
Project("{FAE04EC0-301F-11D3-BF4B-00C04F79EFBC}") = "Infrastructure", "Infrastructure\Infrastructure.csproj", "{BA4D4BC4-C483-422E-8570-810FEE733798}"
EndProject
Project("{2150E333-8FDC-42A3-9474-1A3956D46DE8}") = "Tests", "Tests", "{D16296BA-947F-4AB6-87FB-305ABAE96124}"
EndProject
Project("{FAE04EC0-301F-11D3-BF4B-00C04F79EFBC}") = "Persistence.IntegrationTests", "Persistence.IntegrationTests\Persistence.IntegrationTests.csproj", "{81BE3A2D-22B8-45C4-B772-7A87C643006A}"
EndProject
Global
	GlobalSection(SolutionConfigurationPlatforms) = preSolution
		Debug|Any CPU = Debug|Any CPU
		Release|Any CPU = Release|Any CPU
	EndGlobalSection
	GlobalSection(ProjectConfigurationPlatforms) = postSolution
		{5BBE4C3E-7EA5-4432-89FC-F9D24CC41D5A}.Debug|Any CPU.ActiveCfg = Debug|Any CPU
		{5BBE4C3E-7EA5-4432-89FC-F9D24CC41D5A}.Debug|Any CPU.Build.0 = Debug|Any CPU
		{5BBE4C3E-7EA5-4432-89FC-F9D24CC41D5A}.Release|Any CPU.ActiveCfg = Release|Any CPU
		{5BBE4C3E-7EA5-4432-89FC-F9D24CC41D5A}.Release|Any CPU.Build.0 = Release|Any CPU
		{2E99DD4B-5EFF-44D9-9213-900069217831}.Debug|Any CPU.ActiveCfg = Debug|Any CPU
		{2E99DD4B-5EFF-44D9-9213-900069217831}.Debug|Any CPU.Build.0 = Debug|Any CPU
		{2E99DD4B-5EFF-44D9-9213-900069217831}.Release|Any CPU.ActiveCfg = Release|Any CPU
		{2E99DD4B-5EFF-44D9-9213-900069217831}.Release|Any CPU.Build.0 = Release|Any CPU
		{B75D021F-2981-4632-875E-5F85A8B98F74}.Debug|Any CPU.ActiveCfg = Debug|Any CPU
		{B75D021F-2981-4632-875E-5F85A8B98F74}.Debug|Any CPU.Build.0 = Debug|Any CPU
		{B75D021F-2981-4632-875E-5F85A8B98F74}.Release|Any CPU.ActiveCfg = Release|Any CPU
		{B75D021F-2981-4632-875E-5F85A8B98F74}.Release|Any CPU.Build.0 = Release|Any CPU
		{411645F5-8EFE-41A9-8987-290A4CCE5349}.Debug|Any CPU.ActiveCfg = Debug|Any CPU
		{411645F5-8EFE-41A9-8987-290A4CCE5349}.Debug|Any CPU.Build.0 = Debug|Any CPU
		{411645F5-8EFE-41A9-8987-290A4CCE5349}.Release|Any CPU.ActiveCfg = Release|Any CPU
		{411645F5-8EFE-41A9-8987-290A4CCE5349}.Release|Any CPU.Build.0 = Release|Any CPU
		{BA4D4BC4-C483-422E-8570-810FEE733798}.Debug|Any CPU.ActiveCfg = Debug|Any CPU
		{BA4D4BC4-C483-422E-8570-810FEE733798}.Debug|Any CPU.Build.0 = Debug|Any CPU
		{BA4D4BC4-C483-422E-8570-810FEE733798}.Release|Any CPU.ActiveCfg = Release|Any CPU
		{BA4D4BC4-C483-422E-8570-810FEE733798}.Release|Any CPU.Build.0 = Release|Any CPU
		{81BE3A2D-22B8-45C4-B772-7A87C643006A}.Debug|Any CPU.ActiveCfg = Debug|Any CPU
		{81BE3A2D-22B8-45C4-B772-7A87C643006A}.Debug|Any CPU.Build.0 = Debug|Any CPU
		{81BE3A2D-22B8-45C4-B772-7A87C643006A}.Release|Any CPU.ActiveCfg = Release|Any CPU
		{81BE3A2D-22B8-45C4-B772-7A87C643006A}.Release|Any CPU.Build.0 = Release|Any CPU
	EndGlobalSection
	GlobalSection(SolutionProperties) = preSolution
		HideSolutionNode = FALSE
	EndGlobalSection
	GlobalSection(NestedProjects) = preSolution
		{995E167D-A913-4828-A31A-28A3AA7F43F3} = {87F694FC-C6D7-496F-B1C4-0F42CDCFAF02}
		{61C96C7A-F9B1-45AE-A691-7ADEA103AC30} = {87F694FC-C6D7-496F-B1C4-0F42CDCFAF02}
		{62FDEC31-1B66-4560-8B2A-DCA4E0411CC5} = {87F694FC-C6D7-496F-B1C4-0F42CDCFAF02}
		{5BBE4C3E-7EA5-4432-89FC-F9D24CC41D5A} = {62FDEC31-1B66-4560-8B2A-DCA4E0411CC5}
		{2E99DD4B-5EFF-44D9-9213-900069217831} = {995E167D-A913-4828-A31A-28A3AA7F43F3}
		{B75D021F-2981-4632-875E-5F85A8B98F74} = {995E167D-A913-4828-A31A-28A3AA7F43F3}
		{411645F5-8EFE-41A9-8987-290A4CCE5349} = {61C96C7A-F9B1-45AE-A691-7ADEA103AC30}
		{BA4D4BC4-C483-422E-8570-810FEE733798} = {61C96C7A-F9B1-45AE-A691-7ADEA103AC30}
		{81BE3A2D-22B8-45C4-B772-7A87C643006A} = {D16296BA-947F-4AB6-87FB-305ABAE96124}
	EndGlobalSection
	GlobalSection(ExtensibilityGlobals) = postSolution
		SolutionGuid = {F8B87A9C-C6A0-4ACE-A76D-013674B4D97A}
	EndGlobalSection
EndGlobal
